
Microsoft Visual Studio Solution File, Format Version 11.00
# Visual Studio 2010
Project("{FAE04EC0-301F-11D3-BF4B-00C04F79EFBC}") = "SMDProfiler", "SMDProfiler.csproj", "{C35527E4-30CC-4CA9-8F33-619BCD1ADE10}"
EndProject
Global
	GlobalSection(SolutionConfigurationPlatforms) = preSolution
		Debug|x86 = Debug|x86
		Release|x86 = Release|x86
	EndGlobalSection
	GlobalSection(ProjectConfigurationPlatforms) = postSolution
		{C35527E4-30CC-4CA9-8F33-619BCD1ADE10}.Debug|x86.ActiveCfg = Debug|x86
		{C35527E4-30CC-4CA9-8F33-619BCD1ADE10}.Debug|x86.Build.0 = Debug|x86
		{C35527E4-30CC-4CA9-8F33-619BCD1ADE10}.Release|x86.ActiveCfg = Release|x86
		{C35527E4-30CC-4CA9-8F33-619BCD1ADE10}.Release|x86.Build.0 = Release|x86
	EndGlobalSection
	GlobalSection(SolutionProperties) = preSolution
		HideSolutionNode = FALSE
	EndGlobalSection
	GlobalSection(ExtensibilityGlobals) = postSolution
		VisualSVNWorkingCopyRoot = .
	EndGlobalSection
	GlobalSection(SubversionScc) = preSolution
		Svn-Managed = True
		Manager = AnkhSVN - Subversion Support for Visual Studio
	EndGlobalSection
EndGlobal
